
Microsoft Visual Studio Solution File, Format Version 12.00
# Visual Studio Version 17
VisualStudioVersion = 17.7.34031.279
MinimumVisualStudioVersion = 10.0.40219.1
Project("{FAE04EC0-301F-11D3-BF4B-00C04F79EFBC}") = "Project_MVC_Work_001", "Project_MVC_Work_001\Project_MVC_Work_001.csproj", "{59406128-3B24-43A6-A8B0-F82B9E401A6C}"
EndProject
Global
	GlobalSection(SolutionConfigurationPlatforms) = preSolution
		Debug|Any CPU = Debug|Any CPU
		Release|Any CPU = Release|Any CPU
	EndGlobalSection
	GlobalSection(ProjectConfigurationPlatforms) = postSolution
		{59406128-3B24-43A6-A8B0-F82B9E401A6C}.Debug|Any CPU.ActiveCfg = Debug|Any CPU
		{59406128-3B24-43A6-A8B0-F82B9E401A6C}.Debug|Any CPU.Build.0 = Debug|Any CPU
		{59406128-3B24-43A6-A8B0-F82B9E401A6C}.Release|Any CPU.ActiveCfg = Release|Any CPU
		{59406128-3B24-43A6-A8B0-F82B9E401A6C}.Release|Any CPU.Build.0 = Release|Any CPU
	EndGlobalSection
	GlobalSection(SolutionProperties) = preSolution
		HideSolutionNode = FALSE
	EndGlobalSection
	GlobalSection(ExtensibilityGlobals) = postSolution
		SolutionGuid = {86EC7168-DF30-4252-B39C-3482415ADFB2}
	EndGlobalSection
EndGlobal
